
Terraform used the selected providers to generate the following execution
plan. Resource actions are indicated with the following symbols:
  + create

Terraform will perform the following actions:

  # yandex_compute_instance.vm_enum["1"] will be created
  + resource "yandex_compute_instance" "vm_enum" {
      + created_at                = (known after apply)
      + folder_id                 = (known after apply)
      + fqdn                      = (known after apply)
      + hostname                  = (known after apply)
      + id                        = (known after apply)
      + metadata                  = {
          + "ssh-key" = <<-EOT
                ubuntu:ssh-rsa AAAAB3NzaC1yc2EAAAADAQABAAACAQDLBnhgMqVWlDTYuIsoHQvirfXzkSE8ktJPn5k+BNsKuuA/LcfI5g+MwHbA7D4NP1TGyCf2Kq/u0QP1qMf8ynyrIpROvokxAczT2FBMoVp9s1DkKxbq+lsvjlUChNzzPcaL9opi8mNnwnDvvolbIA7N5P6HdU0Jdi9yrifWHFmTv4zsd8j6fqiUj67QsDfNHzjDVsg5sCGKVm7PdSGLqoOMJLpHsFCpuv0VJqtxzQX+uS5evZL/pYwFAVoLu3YxnAMTYVEQZhQOALxiQ2UiDb1rD7AAZf6zIdGCCBOJe7uJFKy/6fidEmGA16wG1svluR+ZtCf9DwDZghB6BFkfK1/Yhu9J/rUJdUAU0DurmTlicSe9aSWgFqjcPFDNqORd/hZ8yV9BHPhE9HD6guW+9OdPeZ79W5nV8p6hHEjqfQpNfpVD2xEq52G5daK0mfJrL0jNW+QM2PTT8BbhPthhuFW7mOjeW6gs+zOW7ZE9r6eouDTurBmW4NgE8VIBztpruozlxO/t5gYUUY4Z4H/Q3bdPUMHavgZql3aIPksbMuco+ymH24GkTguhLCUQMyqjD2ADQKxQ0K1bzrITNmBGLxxKBEUdL39Uz8nGLggf5Q6qJel9X9RLQEboOcrkRBGh/jD3JuC687aNLqGrXlNXAsOk2KksTTyF4/SG6769flapnw== anttigen2@yandex.ru
            EOT
        }
      + name                      = "prod_vm-1"
      + network_acceleration_type = "standard"
      + platform_id               = "standard-v1"
      + service_account_id        = (known after apply)
      + status                    = (known after apply)
      + zone                      = (known after apply)

      + boot_disk {
          + auto_delete = true
          + device_name = (known after apply)
          + disk_id     = (known after apply)
          + mode        = (known after apply)

          + initialize_params {
              + description = (known after apply)
              + image_id    = "fd8kdq6d0p8sij7h5qe3"
              + name        = (known after apply)
              + size        = 20
              + snapshot_id = (known after apply)
              + type        = "network-nvme"
            }
        }

      + network_interface {
          + index              = (known after apply)
          + ip_address         = (known after apply)
          + ipv4               = true
          + ipv6               = (known after apply)
          + ipv6_address       = (known after apply)
          + mac_address        = (known after apply)
          + nat                = true
          + nat_ip_address     = (known after apply)
          + nat_ip_version     = (known after apply)
          + security_group_ids = (known after apply)
          + subnet_id          = (known after apply)
        }

      + placement_policy {
          + placement_group_id = (known after apply)
        }

      + resources {
          + core_fraction = 100
          + cores         = 2
          + memory        = 4
        }

      + scheduling_policy {
          + preemptible = (known after apply)
        }
    }

  # yandex_compute_instance.vm_enum["2"] will be created
  + resource "yandex_compute_instance" "vm_enum" {
      + created_at                = (known after apply)
      + folder_id                 = (known after apply)
      + fqdn                      = (known after apply)
      + hostname                  = (known after apply)
      + id                        = (known after apply)
      + metadata                  = {
          + "ssh-key" = <<-EOT
                ubuntu:ssh-rsa AAAAB3NzaC1yc2EAAAADAQABAAACAQDLBnhgMqVWlDTYuIsoHQvirfXzkSE8ktJPn5k+BNsKuuA/LcfI5g+MwHbA7D4NP1TGyCf2Kq/u0QP1qMf8ynyrIpROvokxAczT2FBMoVp9s1DkKxbq+lsvjlUChNzzPcaL9opi8mNnwnDvvolbIA7N5P6HdU0Jdi9yrifWHFmTv4zsd8j6fqiUj67QsDfNHzjDVsg5sCGKVm7PdSGLqoOMJLpHsFCpuv0VJqtxzQX+uS5evZL/pYwFAVoLu3YxnAMTYVEQZhQOALxiQ2UiDb1rD7AAZf6zIdGCCBOJe7uJFKy/6fidEmGA16wG1svluR+ZtCf9DwDZghB6BFkfK1/Yhu9J/rUJdUAU0DurmTlicSe9aSWgFqjcPFDNqORd/hZ8yV9BHPhE9HD6guW+9OdPeZ79W5nV8p6hHEjqfQpNfpVD2xEq52G5daK0mfJrL0jNW+QM2PTT8BbhPthhuFW7mOjeW6gs+zOW7ZE9r6eouDTurBmW4NgE8VIBztpruozlxO/t5gYUUY4Z4H/Q3bdPUMHavgZql3aIPksbMuco+ymH24GkTguhLCUQMyqjD2ADQKxQ0K1bzrITNmBGLxxKBEUdL39Uz8nGLggf5Q6qJel9X9RLQEboOcrkRBGh/jD3JuC687aNLqGrXlNXAsOk2KksTTyF4/SG6769flapnw== anttigen2@yandex.ru
            EOT
        }
      + name                      = "prod_vm-2"
      + network_acceleration_type = "standard"
      + platform_id               = "standard-v1"
      + service_account_id        = (known after apply)
      + status                    = (known after apply)
      + zone                      = (known after apply)

      + boot_disk {
          + auto_delete = true
          + device_name = (known after apply)
          + disk_id     = (known after apply)
          + mode        = (known after apply)

          + initialize_params {
              + description = (known after apply)
              + image_id    = "fd8kdq6d0p8sij7h5qe3"
              + name        = (known after apply)
              + size        = 20
              + snapshot_id = (known after apply)
              + type        = "network-nvme"
            }
        }

      + network_interface {
          + index              = (known after apply)
          + ip_address         = (known after apply)
          + ipv4               = true
          + ipv6               = (known after apply)
          + ipv6_address       = (known after apply)
          + mac_address        = (known after apply)
          + nat                = true
          + nat_ip_address     = (known after apply)
          + nat_ip_version     = (known after apply)
          + security_group_ids = (known after apply)
          + subnet_id          = (known after apply)
        }

      + placement_policy {
          + placement_group_id = (known after apply)
        }

      + resources {
          + core_fraction = 100
          + cores         = 2
          + memory        = 4
        }

      + scheduling_policy {
          + preemptible = (known after apply)
        }
    }

  # yandex_vpc_network.my_net will be created
  + resource "yandex_vpc_network" "my_net" {
      + created_at                = (known after apply)
      + default_security_group_id = (known after apply)
      + folder_id                 = (known after apply)
      + id                        = (known after apply)
      + name                      = "my_net"
      + subnet_ids                = (known after apply)
    }

  # yandex_vpc_subnet.my_subnet will be created
  + resource "yandex_vpc_subnet" "my_subnet" {
      + created_at     = (known after apply)
      + folder_id      = (known after apply)
      + id             = (known after apply)
      + name           = "my_subnet"
      + network_id     = (known after apply)
      + v4_cidr_blocks = [
          + "172.16.10.0/24",
        ]
      + v6_cidr_blocks = (known after apply)
      + zone           = "ru-central1-c"
    }

Plan: 4 to add, 0 to change, 0 to destroy.

─────────────────────────────────────────────────────────────────────────────

Note: You didn't use the -out option to save this plan, so Terraform can't
guarantee to take exactly these actions if you run "terraform apply" now.
